
Microsoft Visual Studio Solution File, Format Version 12.00
# Visual Studio Version 17
VisualStudioVersion = 17.9.34622.214
MinimumVisualStudioVersion = 10.0.40219.1
Project("{FAE04EC0-301F-11D3-BF4B-00C04F79EFBC}") = "InGameLogViewer", "InGameLogViewer.csproj", "{A09EC3C3-6C7D-4D0D-87C9-AA4D9714A12E}"
EndProject
Global
	GlobalSection(SolutionConfigurationPlatforms) = preSolution
		Debug|Any CPU = Debug|Any CPU
		Release|Any CPU = Release|Any CPU
	EndGlobalSection
	GlobalSection(ProjectConfigurationPlatforms) = postSolution
		{A09EC3C3-6C7D-4D0D-87C9-AA4D9714A12E}.Debug|Any CPU.ActiveCfg = Debug|Any CPU
		{A09EC3C3-6C7D-4D0D-87C9-AA4D9714A12E}.Debug|Any CPU.Build.0 = Debug|Any CPU
		{A09EC3C3-6C7D-4D0D-87C9-AA4D9714A12E}.Release|Any CPU.ActiveCfg = Release|Any CPU
		{A09EC3C3-6C7D-4D0D-87C9-AA4D9714A12E}.Release|Any CPU.Build.0 = Release|Any CPU
	EndGlobalSection
	GlobalSection(SolutionProperties) = preSolution
		HideSolutionNode = FALSE
	EndGlobalSection
	GlobalSection(ExtensibilityGlobals) = postSolution
		SolutionGuid = {DA340FD6-3F2D-43F3-B979-D7CA995C34FA}
	EndGlobalSection
EndGlobal
